{
  "name": "telos-client",
  "version": "1.0.0",
  "lockfileVersion": 1,
  "requires": true,
  "dependencies": {
    "lwcp": {
      "version": "1.0.1",
      "resolved": "https://registry.npmjs.org/lwcp/-/lwcp-1.0.1.tgz",
      "integrity": "sha512-RPthJV+YqAoBbL3ZiEI7fdoPeEc8ukEViGzlXAgiNrnUqnOP9c4r5Pz/93zlLg5CG0t1jcgB2iysmdauJGHzJA=="
    },
    "prelude-ls": {
      "version": "1.1.2",
      "resolved": "https://registry.npmjs.org/prelude-ls/-/prelude-ls-1.1.2.tgz",
      "integrity": "sha1-IZMqVJ9eUv/ZqCf1cOBL5iqX2lQ="
    },
    "type-check": {
      "version": "0.3.2",
      "resolved": "https://registry.npmjs.org/type-check/-/type-check-0.3.2.tgz",
      "integrity": "sha1-WITKtRLPHTVeP7eE8wgEsrUg23I=",
      "requires": {
        "prelude-ls": "~1.1.2"
      }
    }
  }
}
